<Solution>
  <Project Path="src/Api/SchoolErp.Api/SchoolErp.Api.csproj" />
  <Project Path="src/ApiGateway/LMS.ApiGateway/LMS.ApiGateway.csproj" />
  <Project Path="src/Authorization/SchoolErp.Authorization/SchoolErp.Authorization.csproj" />
  <Project Path="src/BuildingBlocks/BuildingBlocks.Application/BuildingBlocks.Application.csproj" />
  <Project Path="src/BuildingBlocks/BuildingBlocks.Domain/BuildingBlocks.Domain.csproj" />
  <Project Path="src/BuildingBlocks/BuildingBlocks.Infrastructure/BuildingBlocks.Infrastructure.csproj" />
  <Project Path="src/BuildingBlocks/LMS.EventBus/LMS.EventBus.csproj" />
  <Project Path="src/BuildingBlocks/LMS.SharedKernal/LMS.SharedKernal.csproj" />
  <Project Path="src/Database/SchoolErp.Migrator/SchoolErp.Migrator.csproj" />
  <Project Path="src/EventBus/SchoolErp.EventBus/SchoolErp.EventBus.csproj" />
  <Project Path="src/Modules/Academics/Academics.Api/Academics.Api.csproj" />
  <Project Path="src/Modules/Academics/Academics.Application/Academics.Application.csproj" />
  <Project Path="src/Modules/Academics/Academics.Domain/Academics.Domain.csproj" />
  <Project Path="src/Modules/Academics/Academics.Infrastructure/Academics.Infrastructure.csproj" />
  <Project Path="src/Modules/Academics/Academics.Persistence/Academics.Persistence.csproj" />
  <Project Path="src/Modules/Attendance/Attendance.Api/Attendance.Api.csproj" />
  <Project Path="src/Modules/Attendance/Attendance.Application/Attendance.Application.csproj" />
  <Project Path="src/Modules/Attendance/Attendance.Domain/Attendance.Domain.csproj" />
  <Project Path="src/Modules/Attendance/Attendance.Infrastructure/Attendance.Infrastructure.csproj" />
  <Project Path="src/Modules/Attendance/Attendance.Persistence/Attendance.Persistence.csproj" />
  <Project Path="src/Modules/Audit/Audit.Api/Audit.Api.csproj" />
  <Project Path="src/Modules/Audit/Audit.Application/Audit.Application.csproj" />
  <Project Path="src/Modules/Audit/Audit.Domain/Audit.Domain.csproj" />
  <Project Path="src/Modules/Audit/Audit.Infrastructure/Audit.Infrastructure.csproj" />
  <Project Path="src/Modules/Audit/Audit.Persistence/Audit.Persistence.csproj" />
  <Project Path="src/Modules/Billing/Billing.Api/Billing.Api.csproj" />
  <Project Path="src/Modules/Billing/Billing.Application/Billing.Application.csproj" />
  <Project Path="src/Modules/Billing/Billing.Domain/Billing.Domain.csproj" />
  <Project Path="src/Modules/Billing/Billing.Infrastructure/Billing.Infrastructure.csproj" />
  <Project Path="src/Modules/Billing/Billing.Persistence/Billing.Persistence.csproj" />
  <Project Path="src/Modules/Communication/Communication.Api/Communication.Api.csproj" />
  <Project Path="src/Modules/Communication/Communication.Application/Communication.Application.csproj" />
  <Project Path="src/Modules/Communication/Communication.Domain/Communication.Domain.csproj" />
  <Project Path="src/Modules/Communication/Communication.Infrastructure/Communication.Infrastructure.csproj" />
  <Project Path="src/Modules/Communication/Communication.Persistence/Communication.Persistence.csproj" />
  <Project Path="src/Modules/Employees/Employees.Api/Employees.Api.csproj" />
  <Project Path="src/Modules/Employees/Employees.Application/Employees.Application.csproj" />
  <Project Path="src/Modules/Employees/Employees.Domain/Employees.Domain.csproj" />
  <Project Path="src/Modules/Employees/Employees.Infrastructure/Employees.Infrastructure.csproj" />
  <Project Path="src/Modules/Employees/Employees.Persistence/Employees.Persistence.csproj" />
  <Project Path="src/Modules/Examinations/Examinations.Api/Examinations.Api.csproj" />
  <Project Path="src/Modules/Examinations/Examinations.Application/Examinations.Application.csproj" />
  <Project Path="src/Modules/Examinations/Examinations.Domain/Examinations.Domain.csproj" />
  <Project Path="src/Modules/Examinations/Examinations.Infrastructure/Examinations.Infrastructure.csproj" />
  <Project Path="src/Modules/Examinations/Examinations.Persistence/Examinations.Persistence.csproj" />
  <Project Path="src/Modules/Fees/Fees.Api/Fees.Api.csproj" />
  <Project Path="src/Modules/Fees/Fees.Application/Fees.Application.csproj" />
  <Project Path="src/Modules/Fees/Fees.Domain/Fees.Domain.csproj" />
  <Project Path="src/Modules/Fees/Fees.Infrastructure/Fees.Infrastructure.csproj" />
  <Project Path="src/Modules/Fees/Fees.Persistence/Fees.Persistence.csproj" />
  <Project Path="src/Modules/Identity/Identity.Api/Identity.Api.csproj" />
  <Project Path="src/Modules/Identity/Identity.Application/Identity.Application.csproj" />
  <Project Path="src/Modules/Identity/Identity.Domain/Identity.Domain.csproj" />
  <Project Path="src/Modules/Identity/Identity.Infrastructure/Identity.Infrastructure.csproj" />
  <Project Path="src/Modules/Identity/Identity.Persistence/Identity.Persistence.csproj" />
  <Project Path="src/Modules/Inventory/Inventory.Api/Inventory.Api.csproj" />
  <Project Path="src/Modules/Inventory/Inventory.Application/Inventory.Application.csproj" />
  <Project Path="src/Modules/Inventory/Inventory.Domain/Inventory.Domain.csproj" />
  <Project Path="src/Modules/Inventory/Inventory.Infrastructure/Inventory.Infrastructure.csproj" />
  <Project Path="src/Modules/Inventory/Inventory.Persistence/Inventory.Persistence.csproj" />
  <Project Path="src/Modules/Library/Library.Api/Library.Api.csproj" />
  <Project Path="src/Modules/Library/Library.Application/Library.Application.csproj" />
  <Project Path="src/Modules/Library/Library.Domain/Library.Domain.csproj" />
  <Project Path="src/Modules/Library/Library.Infrastructure/Library.Infrastructure.csproj" />
  <Project Path="src/Modules/Library/Library.Persistence/Library.Persistence.csproj" />
  <Project Path="src/Modules/Students/Students.Api/Students.Api.csproj" />
  <Project Path="src/Modules/Students/Students.Application/Students.Application.csproj" />
  <Project Path="src/Modules/Students/Students.Domain/Students.Domain.csproj" />
  <Project Path="src/Modules/Students/Students.Infrastructure/Students.Infrastructure.csproj" />
  <Project Path="src/Modules/Students/Students.Persistence/Students.Persistence.csproj" />
  <Project Path="src/Modules/TenantManagement/TenantManagement.Api/TenantManagement.Api.csproj" />
  <Project Path="src/Modules/TenantManagement/TenantManagement.Application/TenantManagement.Application.csproj" />
  <Project Path="src/Modules/TenantManagement/TenantManagement.Domain/TenantManagement.Domain.csproj" />
  <Project Path="src/Modules/TenantManagement/TenantManagement.Infrastructure/TenantManagement.Infrastructure.csproj" />
  <Project Path="src/Modules/TenantManagement/TenantManagement.Persistence/TenantManagement.Persistence.csproj" />
  <Project Path="src/Modules/Transport/Transport.Api/Transport.Api.csproj" />
  <Project Path="src/Modules/Transport/Transport.Application/Transport.Application.csproj" />
  <Project Path="src/Modules/Transport/Transport.Domain/Transport.Domain.csproj" />
  <Project Path="src/Modules/Transport/Transport.Infrastructure/Transport.Infrastructure.csproj" />
  <Project Path="src/Modules/Transport/Transport.Persistence/Transport.Persistence.csproj" />
  <Project Path="src/MultiTenancy/SchoolErp.MultiTenancy/SchoolErp.MultiTenancy.csproj" />
  <Project Path="src/Observability/SchoolErp.Observability/SchoolErp.Observability.csproj" />
  <Project Path="src/Services/Academic/LMS.Academic.API/LMS.Academic.API.csproj" />
  <Project Path="src/Services/Fee/LMS.Fee.API/LMS.Fee.API.csproj" />
  <Project Path="src/Services/Identity/LMS.Identity.API/LMS.Identity.API.csproj" />
  <Project Path="src/Services/LMS.ServiceDefaults/LMS.ServiceDefaults.csproj" />
  <Project Path="src/Services/Notification/LMS.Notification.API/LMS.Notification.API.csproj" />
  <Project Path="src/Services/Student/LMS.Student.API/LMS.Student.API.csproj" />
  <Project Path="src/Services/Tenant/LMS.Tenant.API/LMS.Tenant.API.csproj" />
  <Project Path="src/SharedKernel/SchoolErp.SharedKernel/SchoolErp.SharedKernel.csproj" />
  <Project Path="src/Worker/SchoolErp.Hangfire/SchoolErp.Hangfire.csproj" />
  <Project Path="src/Worker/SchoolErp.Worker/SchoolErp.Worker.csproj" />
  <Project Path="tests/LMS.Architecture.Tests/LMS.Architecture.Tests.csproj" />
  <Project Path="tests/LMS.EventBus.Tests/LMS.EventBus.Tests.csproj" />
  <Project Path="tests/LMS.SharedKernal.Tests/LMS.SharedKernal.Tests.csproj" />
  <Project Path="tests/LMS.Student.IntegrationTests/LMS.Student.IntegrationTests.csproj" />
  <Project Path="tests/LMS.Student.UnitTests/LMS.Student.UnitTests.csproj" />
</Solution>
